{
  "name": "ml-utils.js",
  "version": "1.0.0",
  "lockfileVersion": 1,
  "requires": true,
  "dependencies": {
    "franc": {
      "version": "4.0.0",
      "resolved": "https://registry.npmjs.org/franc/-/franc-4.0.0.tgz",
      "integrity": "sha512-4991aLWY5sLg2fsyiOPflUjye5XBKyUO4V9O4FTBbQ7xKugvnmP9x3m3LlrpD7kq1BebMThNkEXnK52HaU3ZkQ==",
      "requires": {
        "trigram-utils": "^1.0.0"
      },
      "dependencies": {
        "trigram-utils": {
          "version": "1.0.1",
          "resolved": "https://registry.npmjs.org/trigram-utils/-/trigram-utils-1.0.1.tgz",
          "integrity": "sha512-9xJJ3zcPO/b60f9TF8svW9Q0HdpPebiTh2juIVSqcptwvxybOtek+YwbC+k1qf9TosNYyyC4JtSSFDGw+EE+gQ==",
          "requires": {
            "collapse-white-space": "^1.0.3",
            "n-gram": "^1.0.0",
            "trim": "0.0.1"
          },
          "dependencies": {
            "collapse-white-space": {
              "version": "1.0.4",
              "resolved": "https://registry.npmjs.org/collapse-white-space/-/collapse-white-space-1.0.4.tgz",
              "integrity": "sha512-YfQ1tAUZm561vpYD+5eyWN8+UsceQbSrqqlc/6zDY2gtAE+uZLSdkkovhnGpmCThsvKBFakq4EdY/FF93E8XIw=="
            },
            "n-gram": {
              "version": "1.1.0",
              "resolved": "https://registry.npmjs.org/n-gram/-/n-gram-1.1.0.tgz",
              "integrity": "sha512-S5dWZFQxmEVf7cfyxK9sVyvB0mmTxgL6z9Ww77q20oG8fidOgkwZqsgj7+4DkZVqxdE/Y+0KLU55yw08ssKqkA=="
            },
            "trim": {
              "version": "0.0.1",
              "resolved": "https://registry.npmjs.org/trim/-/trim-0.0.1.tgz",
              "integrity": "sha1-WFhUf2spB1fulczMZm+1AITEYN0="
            }
          }
        }
      }
    },
    "iso-language-converter": {
      "version": "1.1.0",
      "resolved": "https://registry.npmjs.org/iso-language-converter/-/iso-language-converter-1.1.0.tgz",
      "integrity": "sha1-KVM7d0T2iU1HBumLzqBiGK2FgII="
    },
    "node-kmeans": {
      "version": "1.1.8",
      "resolved": "https://registry.npmjs.org/node-kmeans/-/node-kmeans-1.1.8.tgz",
      "integrity": "sha512-ECRohwrZzZMbvbGhlnALCozmMub1MuJJQEAFRoWiirR8WhcWXMmsmfCiEv+PcytFTt8E6TIgFMDPE6de2RTApQ==",
      "requires": {
        "underscore": "1.4.2"
      },
      "dependencies": {
        "underscore": {
          "version": "1.4.2",
          "resolved": "https://registry.npmjs.org/underscore/-/underscore-1.4.2.tgz",
          "integrity": "sha1-yyquanmZqJ/VWq7nW84DEWmM6/s="
        }
      }
    },
    "similarity": {
      "version": "1.1.1",
      "resolved": "https://registry.npmjs.org/similarity/-/similarity-1.1.1.tgz",
      "integrity": "sha1-QcNwtPXQ+QTT1JB/lvLj0yvpuTE=",
      "requires": {
        "leven": "^2.0.0"
      },
      "dependencies": {
        "leven": {
          "version": "2.1.0",
          "resolved": "https://registry.npmjs.org/leven/-/leven-2.1.0.tgz",
          "integrity": "sha1-wuep93IJTe6dNCAq6KzORoeHVYA="
        }
      }
    },
    "wink-sentiment": {
      "version": "4.0.2",
      "resolved": "https://registry.npmjs.org/wink-sentiment/-/wink-sentiment-4.0.2.tgz",
      "integrity": "sha512-2qon6yroY8MueaZYzmKsyO26WPFBZ2YqEo/F6qaaAj4NmrmzSaQ64kxoYhQ6kTNc5JJeQT1gJQI7fwwsxuIFpg==",
      "requires": {
        "wink-tokenizer": "^4.0.0"
      },
      "dependencies": {
        "wink-tokenizer": {
          "version": "4.1.0",
          "resolved": "https://registry.npmjs.org/wink-tokenizer/-/wink-tokenizer-4.1.0.tgz",
          "integrity": "sha512-CZE9Uhe6TewR6ltXFeJaZQUSTgJLxfSSpTaazLtlHrPn3WUaxHzX2stVQoXgEk7lnXX9TKZRj9WXwX2yIlrMUA=="
        }
      }
    },
    "wink-tokenizer": {
      "version": "4.1.0",
      "resolved": "https://registry.npmjs.org/wink-tokenizer/-/wink-tokenizer-4.1.0.tgz",
      "integrity": "sha512-CZE9Uhe6TewR6ltXFeJaZQUSTgJLxfSSpTaazLtlHrPn3WUaxHzX2stVQoXgEk7lnXX9TKZRj9WXwX2yIlrMUA=="
    }
  }
}
